
Microsoft Visual Studio Solution File, Format Version 12.00
Project("{FAE04EC0-301F-11D3-BF4B-00C04F79EFBC}") = "K8S.Crawler.Host", "K8S.Crawler.Host\K8S.Crawler.Host.csproj", "{235E453A-CD98-4099-8734-42FD097F3747}"
EndProject
Global
	GlobalSection(SolutionConfigurationPlatforms) = preSolution
		Debug|Any CPU = Debug|Any CPU
		Release|Any CPU = Release|Any CPU
	EndGlobalSection
	GlobalSection(ProjectConfigurationPlatforms) = postSolution
		{235E453A-CD98-4099-8734-42FD097F3747}.Debug|Any CPU.ActiveCfg = Debug|Any CPU
		{235E453A-CD98-4099-8734-42FD097F3747}.Debug|Any CPU.Build.0 = Debug|Any CPU
		{235E453A-CD98-4099-8734-42FD097F3747}.Release|Any CPU.ActiveCfg = Release|Any CPU
		{235E453A-CD98-4099-8734-42FD097F3747}.Release|Any CPU.Build.0 = Release|Any CPU
	EndGlobalSection
EndGlobal
